// !$*UTF8*$!
{
	archiveVersion = 1;
	classes = {
	};
	objectVersion = 46;
	objects = {

/* Begin PBXBuildFile section */
		5CD3185A1D88D8DE0026A199 /* TwitterAPIRequestUtilities.swift in Sources */ = {isa = PBXBuildFile; fileRef = 5CD318591D88D8DE0026A199 /* TwitterAPIRequestUtilities.swift */; };
		5CD3185C1D88FC180026A199 /* TweetDetailViewController.swift in Sources */ = {isa = PBXBuildFile; fileRef = 5CD3185B1D88FC180026A199 /* TweetDetailViewController.swift */; };
		5CF8C9231D69581E00593E07 /* AppDelegate.swift in Sources */ = {isa = PBXBuildFile; fileRef = 5CF8C9221D69581E00593E07 /* AppDelegate.swift */; };
		5CF8C9251D69581E00593E07 /* RootViewController.swift in Sources */ = {isa = PBXBuildFile; fileRef = 5CF8C9241D69581E00593E07 /* RootViewController.swift */; };
		5CF8C9281D69581E00593E07 /* Main.storyboard in Resources */ = {isa = PBXBuildFile; fileRef = 5CF8C9261D69581E00593E07 /* Main.storyboard */; };
		5CF8C92A1D69581E00593E07 /* Assets.xcassets in Resources */ = {isa = PBXBuildFile; fileRef = 5CF8C9291D69581E00593E07 /* Assets.xcassets */; };
		5CF8C92D1D69581E00593E07 /* LaunchScreen.storyboard in Resources */ = {isa = PBXBuildFile; fileRef = 5CF8C92B1D69581E00593E07 /* LaunchScreen.storyboard */; };
		5CF8C93B1D6A99BD00593E07 /* PragmaticTweetsTests.swift in Sources */ = {isa = PBXBuildFile; fileRef = 5CF8C93A1D6A99BD00593E07 /* PragmaticTweetsTests.swift */; };
		5CF8C94F1D77A14500593E07 /* PragmaticTweetsUITests.swift in Sources */ = {isa = PBXBuildFile; fileRef = 5CF8C94E1D77A14500593E07 /* PragmaticTweetsUITests.swift */; };
		5CF8C9571D77B11700593E07 /* ParsedTweet.swift in Sources */ = {isa = PBXBuildFile; fileRef = 5CF8C9561D77B11700593E07 /* ParsedTweet.swift */; };
		5CF8C95B1D77CAAF00593E07 /* ParsedTweetCell.swift in Sources */ = {isa = PBXBuildFile; fileRef = 5CF8C95A1D77CAAF00593E07 /* ParsedTweetCell.swift */; };
/* End PBXBuildFile section */

/* Begin PBXContainerItemProxy section */
		5CF8C93D1D6A99BD00593E07 /* PBXContainerItemProxy */ = {
			isa = PBXContainerItemProxy;
			containerPortal = 5CF8C9171D69581D00593E07 /* Project object */;
			proxyType = 1;
			remoteGlobalIDString = 5CF8C91E1D69581D00593E07;
			remoteInfo = PragmaticTweets;
		};
		5CF8C9511D77A14500593E07 /* PBXContainerItemProxy */ = {
			isa = PBXContainerItemProxy;
			containerPortal = 5CF8C9171D69581D00593E07 /* Project object */;
			proxyType = 1;
			remoteGlobalIDString = 5CF8C91E1D69581D00593E07;
			remoteInfo = PragmaticTweets;
		};
/* End PBXContainerItemProxy section */

/* Begin PBXFileReference section */
		5CD318591D88D8DE0026A199 /* TwitterAPIRequestUtilities.swift */ = {isa = PBXFileReference; fileEncoding = 4; lastKnownFileType = sourcecode.swift; path = TwitterAPIRequestUtilities.swift; sourceTree = "<group>"; };
		5CD3185B1D88FC180026A199 /* TweetDetailViewController.swift */ = {isa = PBXFileReference; fileEncoding = 4; lastKnownFileType = sourcecode.swift; path = TweetDetailViewController.swift; sourceTree = "<group>"; };
		5CF8C91F1D69581D00593E07 /* PragmaticTweets.app */ = {isa = PBXFileReference; explicitFileType = wrapper.application; includeInIndex = 0; path = PragmaticTweets.app; sourceTree = BUILT_PRODUCTS_DIR; };
		5CF8C9221D69581E00593E07 /* AppDelegate.swift */ = {isa = PBXFileReference; lastKnownFileType = sourcecode.swift; path = AppDelegate.swift; sourceTree = "<group>"; };
		5CF8C9241D69581E00593E07 /* RootViewController.swift */ = {isa = PBXFileReference; lastKnownFileType = sourcecode.swift; path = RootViewController.swift; sourceTree = "<group>"; };
		5CF8C9271D69581E00593E07 /* Base */ = {isa = PBXFileReference; lastKnownFileType = file.storyboard; name = Base; path = Base.lproj/Main.storyboard; sourceTree = "<group>"; };
		5CF8C9291D69581E00593E07 /* Assets.xcassets */ = {isa = PBXFileReference; lastKnownFileType = folder.assetcatalog; path = Assets.xcassets; sourceTree = "<group>"; };
		5CF8C92C1D69581E00593E07 /* Base */ = {isa = PBXFileReference; lastKnownFileType = file.storyboard; name = Base; path = Base.lproj/LaunchScreen.storyboard; sourceTree = "<group>"; };
		5CF8C92E1D69581E00593E07 /* Info.plist */ = {isa = PBXFileReference; lastKnownFileType = text.plist.xml; path = Info.plist; sourceTree = "<group>"; };
		5CF8C9381D6A99BD00593E07 /* PragmaticTweetsTests.xctest */ = {isa = PBXFileReference; explicitFileType = wrapper.cfbundle; includeInIndex = 0; path = PragmaticTweetsTests.xctest; sourceTree = BUILT_PRODUCTS_DIR; };
		5CF8C93A1D6A99BD00593E07 /* PragmaticTweetsTests.swift */ = {isa = PBXFileReference; lastKnownFileType = sourcecode.swift; path = PragmaticTweetsTests.swift; sourceTree = "<group>"; };
		5CF8C93C1D6A99BD00593E07 /* Info.plist */ = {isa = PBXFileReference; lastKnownFileType = text.plist.xml; path = Info.plist; sourceTree = "<group>"; };
		5CF8C94C1D77A14500593E07 /* PragmaticTweetsUITests.xctest */ = {isa = PBXFileReference; explicitFileType = wrapper.cfbundle; includeInIndex = 0; path = PragmaticTweetsUITests.xctest; sourceTree = BUILT_PRODUCTS_DIR; };
		5CF8C94E1D77A14500593E07 /* PragmaticTweetsUITests.swift */ = {isa = PBXFileReference; lastKnownFileType = sourcecode.swift; path = PragmaticTweetsUITests.swift; sourceTree = "<group>"; };
		5CF8C9501D77A14500593E07 /* Info.plist */ = {isa = PBXFileReference; lastKnownFileType = text.plist.xml; path = Info.plist; sourceTree = "<group>"; };
		5CF8C9561D77B11700593E07 /* ParsedTweet.swift */ = {isa = PBXFileReference; fileEncoding = 4; lastKnownFileType = sourcecode.swift; path = ParsedTweet.swift; sourceTree = "<group>"; };
		5CF8C95A1D77CAAF00593E07 /* ParsedTweetCell.swift */ = {isa = PBXFileReference; fileEncoding = 4; lastKnownFileType = sourcecode.swift; path = ParsedTweetCell.swift; sourceTree = "<group>"; };
/* End PBXFileReference section */

/* Begin PBXFrameworksBuildPhase section */
		5CF8C91C1D69581D00593E07 /* Frameworks */ = {
			isa = PBXFrameworksBuildPhase;
			buildActionMask = 2147483647;
			files = (
			);
			runOnlyForDeploymentPostprocessing = 0;
		};
		5CF8C9351D6A99BD00593E07 /* Frameworks */ = {
			isa = PBXFrameworksBuildPhase;
			buildActionMask = 2147483647;
			files = (
			);
			runOnlyForDeploymentPostprocessing = 0;
		};
		5CF8C9491D77A14500593E07 /* Frameworks */ = {
			isa = PBXFrameworksBuildPhase;
			buildActionMask = 2147483647;
			files = (
			);
			runOnlyForDeploymentPostprocessing = 0;
		};
/* End PBXFrameworksBuildPhase section */

/* Begin PBXGroup section */
		5CD3185D1D88FC260026A199 /* RootViewController */ = {
			isa = PBXGroup;
			children = (
				5CF8C95A1D77CAAF00593E07 /* ParsedTweetCell.swift */,
				5CF8C9561D77B11700593E07 /* ParsedTweet.swift */,
				5CF8C9241D69581E00593E07 /* RootViewController.swift */,
			);
			name = RootViewController;
			sourceTree = "<group>";
		};
		5CD3185E1D88FC570026A199 /* TweetDetailViewContoller */ = {
			isa = PBXGroup;
			children = (
				5CD3185B1D88FC180026A199 /* TweetDetailViewController.swift */,
			);
			name = TweetDetailViewContoller;
			sourceTree = "<group>";
		};
		5CF8C9161D69581D00593E07 = {
			isa = PBXGroup;
			children = (
				5CF8C9211D69581D00593E07 /* PragmaticTweets */,
				5CF8C9391D6A99BD00593E07 /* PragmaticTweetsTests */,
				5CF8C94D1D77A14500593E07 /* PragmaticTweetsUITests */,
				5CF8C9201D69581D00593E07 /* Products */,
			);
			sourceTree = "<group>";
		};
		5CF8C9201D69581D00593E07 /* Products */ = {
			isa = PBXGroup;
			children = (
				5CF8C91F1D69581D00593E07 /* PragmaticTweets.app */,
				5CF8C9381D6A99BD00593E07 /* PragmaticTweetsTests.xctest */,
				5CF8C94C1D77A14500593E07 /* PragmaticTweetsUITests.xctest */,
			);
			name = Products;
			sourceTree = "<group>";
		};
		5CF8C9211D69581D00593E07 /* PragmaticTweets */ = {
			isa = PBXGroup;
			children = (
				5CF8C9221D69581E00593E07 /* AppDelegate.swift */,
				5CD3185D1D88FC260026A199 /* RootViewController */,
				5CD3185E1D88FC570026A199 /* TweetDetailViewContoller */,
				5CF8C9261D69581E00593E07 /* Main.storyboard */,
				5CD318591D88D8DE0026A199 /* TwitterAPIRequestUtilities.swift */,
				5CF8C9291D69581E00593E07 /* Assets.xcassets */,
				5CF8C92B1D69581E00593E07 /* LaunchScreen.storyboard */,
				5CF8C92E1D69581E00593E07 /* Info.plist */,
			);
			path = PragmaticTweets;
			sourceTree = "<group>";
		};
		5CF8C9391D6A99BD00593E07 /* PragmaticTweetsTests */ = {
			isa = PBXGroup;
			children = (
				5CF8C93A1D6A99BD00593E07 /* PragmaticTweetsTests.swift */,
				5CF8C93C1D6A99BD00593E07 /* Info.plist */,
			);
			path = PragmaticTweetsTests;
			sourceTree = "<group>";
		};
		5CF8C94D1D77A14500593E07 /* PragmaticTweetsUITests */ = {
			isa = PBXGroup;
			children = (
				5CF8C94E1D77A14500593E07 /* PragmaticTweetsUITests.swift */,
				5CF8C9501D77A14500593E07 /* Info.plist */,
			);
			path = PragmaticTweetsUITests;
			sourceTree = "<group>";
		};
/* End PBXGroup section */

/* Begin PBXNativeTarget section */
		5CF8C91E1D69581D00593E07 /* PragmaticTweets */ = {
			isa = PBXNativeTarget;
			buildConfigurationList = 5CF8C9311D69581E00593E07 /* Build configuration list for PBXNativeTarget "PragmaticTweets" */;
			buildPhases = (
				5CF8C91B1D69581D00593E07 /* Sources */,
				5CF8C91C1D69581D00593E07 /* Frameworks */,
				5CF8C91D1D69581D00593E07 /* Resources */,
			);
			buildRules = (
			);
			dependencies = (
			);
			name = PragmaticTweets;
			productName = PragmaticTweets;
			productReference = 5CF8C91F1D69581D00593E07 /* PragmaticTweets.app */;
			productType = "com.apple.product-type.application";
		};
		5CF8C9371D6A99BD00593E07 /* PragmaticTweetsTests */ = {
			isa = PBXNativeTarget;
			buildConfigurationList = 5CF8C93F1D6A99BD00593E07 /* Build configuration list for PBXNativeTarget "PragmaticTweetsTests" */;
			buildPhases = (
				5CF8C9341D6A99BD00593E07 /* Sources */,
				5CF8C9351D6A99BD00593E07 /* Frameworks */,
				5CF8C9361D6A99BD00593E07 /* Resources */,
			);
			buildRules = (
			);
			dependencies = (
				5CF8C93E1D6A99BD00593E07 /* PBXTargetDependency */,
			);
			name = PragmaticTweetsTests;
			productName = PragmaticTweetsTests;
			productReference = 5CF8C9381D6A99BD00593E07 /* PragmaticTweetsTests.xctest */;
			productType = "com.apple.product-type.bundle.unit-test";
		};
		5CF8C94B1D77A14500593E07 /* PragmaticTweetsUITests */ = {
			isa = PBXNativeTarget;
			buildConfigurationList = 5CF8C9531D77A14500593E07 /* Build configuration list for PBXNativeTarget "PragmaticTweetsUITests" */;
			buildPhases = (
				5CF8C9481D77A14500593E07 /* Sources */,
				5CF8C9491D77A14500593E07 /* Frameworks */,
				5CF8C94A1D77A14500593E07 /* Resources */,
			);
			buildRules = (
			);
			dependencies = (
				5CF8C9521D77A14500593E07 /* PBXTargetDependency */,
			);
			name = PragmaticTweetsUITests;
			productName = PragmaticTweetsUITests;
			productReference = 5CF8C94C1D77A14500593E07 /* PragmaticTweetsUITests.xctest */;
			productType = "com.apple.product-type.bundle.ui-testing";
		};
/* End PBXNativeTarget section */

/* Begin PBXProject section */
		5CF8C9171D69581D00593E07 /* Project object */ = {
			isa = PBXProject;
			attributes = {
				LastSwiftUpdateCheck = 0730;
				LastUpgradeCheck = 0730;
				ORGANIZATIONNAME = Liyicky;
				TargetAttributes = {
					5CF8C91E1D69581D00593E07 = {
						CreatedOnToolsVersion = 7.3.1;
						DevelopmentTeam = 24495W6MQC;
					};
					5CF8C9371D6A99BD00593E07 = {
						CreatedOnToolsVersion = 7.3.1;
						TestTargetID = 5CF8C91E1D69581D00593E07;
					};
					5CF8C94B1D77A14500593E07 = {
						CreatedOnToolsVersion = 7.3.1;
						TestTargetID = 5CF8C91E1D69581D00593E07;
					};
				};
			};
			buildConfigurationList = 5CF8C91A1D69581D00593E07 /* Build configuration list for PBXProject "PragmaticTweets" */;
			compatibilityVersion = "Xcode 3.2";
			developmentRegion = English;
			hasScannedForEncodings = 0;
			knownRegions = (
				en,
				Base,
			);
			mainGroup = 5CF8C9161D69581D00593E07;
			productRefGroup = 5CF8C9201D69581D00593E07 /* Products */;
			projectDirPath = "";
			projectRoot = "";
			targets = (
				5CF8C91E1D69581D00593E07 /* PragmaticTweets */,
				5CF8C9371D6A99BD00593E07 /* PragmaticTweetsTests */,
				5CF8C94B1D77A14500593E07 /* PragmaticTweetsUITests */,
			);
		};
/* End PBXProject section */

/* Begin PBXResourcesBuildPhase section */
		5CF8C91D1D69581D00593E07 /* Resources */ = {
			isa = PBXResourcesBuildPhase;
			buildActionMask = 2147483647;
			files = (
				5CF8C92D1D69581E00593E07 /* LaunchScreen.storyboard in Resources */,
				5CF8C92A1D69581E00593E07 /* Assets.xcassets in Resources */,
				5CF8C9281D69581E00593E07 /* Main.storyboard in Resources */,
			);
			runOnlyForDeploymentPostprocessing = 0;
		};
		5CF8C9361D6A99BD00593E07 /* Resources */ = {
			isa = PBXResourcesBuildPhase;
			buildActionMask = 2147483647;
			files = (
			);
			runOnlyForDeploymentPostprocessing = 0;
		};
		5CF8C94A1D77A14500593E07 /* Resources */ = {
			isa = PBXResourcesBuildPhase;
			buildActionMask = 2147483647;
			files = (
			);
			runOnlyForDeploymentPostprocessing = 0;
		};
/* End PBXResourcesBuildPhase section */

/* Begin PBXSourcesBuildPhase section */
		5CF8C91B1D69581D00593E07 /* Sources */ = {
			isa = PBXSourcesBuildPhase;
			buildActionMask = 2147483647;
			files = (
				5CD3185A1D88D8DE0026A199 /* TwitterAPIRequestUtilities.swift in Sources */,
				5CF8C95B1D77CAAF00593E07 /* ParsedTweetCell.swift in Sources */,
				5CF8C9571D77B11700593E07 /* ParsedTweet.swift in Sources */,
				5CF8C9251D69581E00593E07 /* RootViewController.swift in Sources */,
				5CF8C9231D69581E00593E07 /* AppDelegate.swift in Sources */,
				5CD3185C1D88FC180026A199 /* TweetDetailViewController.swift in Sources */,
			);
			runOnlyForDeploymentPostprocessing = 0;
		};
		5CF8C9341D6A99BD00593E07 /* Sources */ = {
			isa = PBXSourcesBuildPhase;
			buildActionMask = 2147483647;
			files = (
				5CF8C93B1D6A99BD00593E07 /* PragmaticTweetsTests.swift in Sources */,
			);
			runOnlyForDeploymentPostprocessing = 0;
		};
		5CF8C9481D77A14500593E07 /* Sources */ = {
			isa = PBXSourcesBuildPhase;
			buildActionMask = 2147483647;
			files = (
				5CF8C94F1D77A14500593E07 /* PragmaticTweetsUITests.swift in Sources */,
			);
			runOnlyForDeploymentPostprocessing = 0;
		};
/* End PBXSourcesBuildPhase section */

/* Begin PBXTargetDependency section */
		5CF8C93E1D6A99BD00593E07 /* PBXTargetDependency */ = {
			isa = PBXTargetDependency;
			target = 5CF8C91E1D69581D00593E07 /* PragmaticTweets */;
			targetProxy = 5CF8C93D1D6A99BD00593E07 /* PBXContainerItemProxy */;
		};
		5CF8C9521D77A14500593E07 /* PBXTargetDependency */ = {
			isa = PBXTargetDependency;
			target = 5CF8C91E1D69581D00593E07 /* PragmaticTweets */;
			targetProxy = 5CF8C9511D77A14500593E07 /* PBXContainerItemProxy */;
		};
/* End PBXTargetDependency section */

/* Begin PBXVariantGroup section */
		5CF8C9261D69581E00593E07 /* Main.storyboard */ = {
			isa = PBXVariantGroup;
			children = (
				5CF8C9271D69581E00593E07 /* Base */,
			);
			name = Main.storyboard;
			sourceTree = "<group>";
		};
		5CF8C92B1D69581E00593E07 /* LaunchScreen.storyboard */ = {
			isa = PBXVariantGroup;
			children = (
				5CF8C92C1D69581E00593E07 /* Base */,
			);
			name = LaunchScreen.storyboard;
			sourceTree = "<group>";
		};
/* End PBXVariantGroup section */

/* Begin XCBuildConfiguration section */
		5CF8C92F1D69581E00593E07 /* Debug */ = {
			isa = XCBuildConfiguration;
			buildSettings = {
				ALWAYS_SEARCH_USER_PATHS = NO;
				CLANG_ANALYZER_NONNULL = YES;
				CLANG_CXX_LANGUAGE_STANDARD = "gnu++0x";
				CLANG_CXX_LIBRARY = "libc++";
				CLANG_ENABLE_MODULES = YES;
				CLANG_ENABLE_OBJC_ARC = YES;
				CLANG_WARN_BOOL_CONVERSION = YES;
				CLANG_WARN_CONSTANT_CONVERSION = YES;
				CLANG_WARN_DIRECT_OBJC_ISA_USAGE = YES_ERROR;
				CLANG_WARN_EMPTY_BODY = YES;
				CLANG_WARN_ENUM_CONVERSION = YES;
				CLANG_WARN_INT_CONVERSION = YES;
				CLANG_WARN_OBJC_ROOT_CLASS = YES_ERROR;
				CLANG_WARN_UNREACHABLE_CODE = YES;
				CLANG_WARN__DUPLICATE_METHOD_MATCH = YES;
				"CODE_SIGN_IDENTITY[sdk=iphoneos*]" = "iPhone Developer";
				COPY_PHASE_STRIP = NO;
				DEBUG_INFORMATION_FORMAT = dwarf;
				ENABLE_STRICT_OBJC_MSGSEND = YES;
				ENABLE_TESTABILITY = YES;
				GCC_C_LANGUAGE_STANDARD = gnu99;
				GCC_DYNAMIC_NO_PIC = NO;
				GCC_NO_COMMON_BLOCKS = YES;
				GCC_OPTIMIZATION_LEVEL = 0;
				GCC_PREPROCESSOR_DEFINITIONS = (
					"DEBUG=1",
					"$(inherited)",
				);
				GCC_WARN_64_TO_32_BIT_CONVERSION = YES;
				GCC_WARN_ABOUT_RETURN_TYPE = YES_ERROR;
				GCC_WARN_UNDECLARED_SELECTOR = YES;
				GCC_WARN_UNINITIALIZED_AUTOS = YES_AGGRESSIVE;
				GCC_WARN_UNUSED_FUNCTION = YES;
				GCC_WARN_UNUSED_VARIABLE = YES;
				IPHONEOS_DEPLOYMENT_TARGET = 9.3;
				MTL_ENABLE_DEBUG_INFO = YES;
				ONLY_ACTIVE_ARCH = YES;
				SDKROOT = iphoneos;
				SWIFT_OPTIMIZATION_LEVEL = "-Onone";
				TARGETED_DEVICE_FAMILY = "1,2";
			};
			name = Debug;
		};
		5CF8C9301D69581E00593E07 /* Release */ = {
			isa = XCBuildConfiguration;
			buildSettings = {
				ALWAYS_SEARCH_USER_PATHS = NO;
				CLANG_ANALYZER_NONNULL = YES;
				CLANG_CXX_LANGUAGE_STANDARD = "gnu++0x";
				CLANG_CXX_LIBRARY = "libc++";
				CLANG_ENABLE_MODULES = YES;
				CLANG_ENABLE_OBJC_ARC = YES;
				CLANG_WARN_BOOL_CONVERSION = YES;
				CLANG_WARN_CONSTANT_CONVERSION = YES;
				CLANG_WARN_DIRECT_OBJC_ISA_USAGE = YES_ERROR;
				CLANG_WARN_EMPTY_BODY = YES;
				CLANG_WARN_ENUM_CONVERSION = YES;
				CLANG_WARN_INT_CONVERSION = YES;
				CLANG_WARN_OBJC_ROOT_CLASS = YES_ERROR;
				CLANG_WARN_UNREACHABLE_CODE = YES;
				CLANG_WARN__DUPLICATE_METHOD_MATCH = YES;
				"CODE_SIGN_IDENTITY[sdk=iphoneos*]" = "iPhone Developer";
				COPY_PHASE_STRIP = NO;
				DEBUG_INFORMATION_FORMAT = "dwarf-with-dsym";
				ENABLE_NS_ASSERTIONS = NO;
				ENABLE_STRICT_OBJC_MSGSEND = YES;
				GCC_C_LANGUAGE_STANDARD = gnu99;
				GCC_NO_COMMON_BLOCKS = YES;
				GCC_WARN_64_TO_32_BIT_CONVERSION = YES;
				GCC_WARN_ABOUT_RETURN_TYPE = YES_ERROR;
				GCC_WARN_UNDECLARED_SELECTOR = YES;
				GCC_WARN_UNINITIALIZED_AUTOS = YES_AGGRESSIVE;
				GCC_WARN_UNUSED_FUNCTION = YES;
				GCC_WARN_UNUSED_VARIABLE = YES;
				IPHONEOS_DEPLOYMENT_TARGET = 9.3;
				MTL_ENABLE_DEBUG_INFO = NO;
				SDKROOT = iphoneos;
				TARGETED_DEVICE_FAMILY = "1,2";
				VALIDATE_PRODUCT = YES;
			};
			name = Release;
		};
		5CF8C9321D69581E00593E07 /* Debug */ = {
			isa = XCBuildConfiguration;
			buildSettings = {
				ASSETCATALOG_COMPILER_APPICON_NAME = AppIcon;
				CODE_SIGN_IDENTITY = "iPhone Developer";
				"CODE_SIGN_IDENTITY[sdk=iphoneos*]" = "iPhone Developer";
				INFOPLIST_FILE = PragmaticTweets/Info.plist;
				LD_RUNPATH_SEARCH_PATHS = "$(inherited) @executable_path/Frameworks";
				PRODUCT_BUNDLE_IDENTIFIER = liyicky.PragmaticTweets;
				PRODUCT_NAME = "$(TARGET_NAME)";
				PROVISIONING_PROFILE = "";
			};
			name = Debug;
		};
		5CF8C9331D69581E00593E07 /* Release */ = {
			isa = XCBuildConfiguration;
			buildSettings = {
				ASSETCATALOG_COMPILER_APPICON_NAME = AppIcon;
				CODE_SIGN_IDENTITY = "iPhone Developer";
				"CODE_SIGN_IDENTITY[sdk=iphoneos*]" = "iPhone Developer";
				INFOPLIST_FILE = PragmaticTweets/Info.plist;
				LD_RUNPATH_SEARCH_PATHS = "$(inherited) @executable_path/Frameworks";
				PRODUCT_BUNDLE_IDENTIFIER = liyicky.PragmaticTweets;
				PRODUCT_NAME = "$(TARGET_NAME)";
				PROVISIONING_PROFILE = "";
			};
			name = Release;
		};
		5CF8C9401D6A99BD00593E07 /* Debug */ = {
			isa = XCBuildConfiguration;
			buildSettings = {
				BUNDLE_LOADER = "$(TEST_HOST)";
				INFOPLIST_FILE = PragmaticTweetsTests/Info.plist;
				LD_RUNPATH_SEARCH_PATHS = "$(inherited) @executable_path/Frameworks @loader_path/Frameworks";
				PRODUCT_BUNDLE_IDENTIFIER = liyicky.PragmaticTweetsTests;
				PRODUCT_NAME = "$(TARGET_NAME)";
				TEST_HOST = "$(BUILT_PRODUCTS_DIR)/PragmaticTweets.app/PragmaticTweets";
			};
			name = Debug;
		};
		5CF8C9411D6A99BD00593E07 /* Release */ = {
			isa = XCBuildConfiguration;
			buildSettings = {
				BUNDLE_LOADER = "$(TEST_HOST)";
				INFOPLIST_FILE = PragmaticTweetsTests/Info.plist;
				LD_RUNPATH_SEARCH_PATHS = "$(inherited) @executable_path/Frameworks @loader_path/Frameworks";
				PRODUCT_BUNDLE_IDENTIFIER = liyicky.PragmaticTweetsTests;
				PRODUCT_NAME = "$(TARGET_NAME)";
				TEST_HOST = "$(BUILT_PRODUCTS_DIR)/PragmaticTweets.app/PragmaticTweets";
			};
			name = Release;
		};
		5CF8C9541D77A14500593E07 /* Debug */ = {
			isa = XCBuildConfiguration;
			buildSettings = {
				INFOPLIST_FILE = PragmaticTweetsUITests/Info.plist;
				LD_RUNPATH_SEARCH_PATHS = "$(inherited) @executable_path/Frameworks @loader_path/Frameworks";
				PRODUCT_BUNDLE_IDENTIFIER = liyicky.PragmaticTweetsUITests;
				PRODUCT_NAME = "$(TARGET_NAME)";
				TEST_TARGET_NAME = PragmaticTweets;
			};
			name = Debug;
		};
		5CF8C9551D77A14500593E07 /* Release */ = {
			isa = XCBuildConfiguration;
			buildSettings = {
				INFOPLIST_FILE = PragmaticTweetsUITests/Info.plist;
				LD_RUNPATH_SEARCH_PATHS = "$(inherited) @executable_path/Frameworks @loader_path/Frameworks";
				PRODUCT_BUNDLE_IDENTIFIER = liyicky.PragmaticTweetsUITests;
				PRODUCT_NAME = "$(TARGET_NAME)";
				TEST_TARGET_NAME = PragmaticTweets;
			};
			name = Release;
		};
/* End XCBuildConfiguration section */

/* Begin XCConfigurationList section */
		5CF8C91A1D69581D00593E07 /* Build configuration list for PBXProject "PragmaticTweets" */ = {
			isa = XCConfigurationList;
			buildConfigurations = (
				5CF8C92F1D69581E00593E07 /* Debug */,
				5CF8C9301D69581E00593E07 /* Release */,
			);
			defaultConfigurationIsVisible = 0;
			defaultConfigurationName = Release;
		};
		5CF8C9311D69581E00593E07 /* Build configuration list for PBXNativeTarget "PragmaticTweets" */ = {
			isa = XCConfigurationList;
			buildConfigurations = (
				5CF8C9321D69581E00593E07 /* Debug */,
				5CF8C9331D69581E00593E07 /* Release */,
			);
			defaultConfigurationIsVisible = 0;
			defaultConfigurationName = Release;
		};
		5CF8C93F1D6A99BD00593E07 /* Build configuration list for PBXNativeTarget "PragmaticTweetsTests" */ = {
			isa = XCConfigurationList;
			buildConfigurations = (
				5CF8C9401D6A99BD00593E07 /* Debug */,
				5CF8C9411D6A99BD00593E07 /* Release */,
			);
			defaultConfigurationIsVisible = 0;
			defaultConfigurationName = Release;
		};
		5CF8C9531D77A14500593E07 /* Build configuration list for PBXNativeTarget "PragmaticTweetsUITests" */ = {
			isa = XCConfigurationList;
			buildConfigurations = (
				5CF8C9541D77A14500593E07 /* Debug */,
				5CF8C9551D77A14500593E07 /* Release */,
			);
			defaultConfigurationIsVisible = 0;
			defaultConfigurationName = Release;
		};
/* End XCConfigurationList section */
	};
	rootObject = 5CF8C9171D69581D00593E07 /* Project object */;
}
